
Microsoft Visual Studio Solution File, Format Version 12.00
# Visual Studio Version 17
VisualStudioVersion = 17.3.32929.385
MinimumVisualStudioVersion = 10.0.40219.1
Project("{8BC9CEB8-8B4A-11D0-8D11-00A0C91BC942}") = "Chap1", "Chap1\Chap1.vcxproj", "{5AD048B0-1275-466C-AD07-C16184604109}"
EndProject
Global
	GlobalSection(SolutionConfigurationPlatforms) = preSolution
		Debug|x64 = Debug|x64
		Debug|x86 = Debug|x86
		Release|x64 = Release|x64
		Release|x86 = Release|x86
	EndGlobalSection
	GlobalSection(ProjectConfigurationPlatforms) = postSolution
		{5AD048B0-1275-466C-AD07-C16184604109}.Debug|x64.ActiveCfg = Debug|x64
		{5AD048B0-1275-466C-AD07-C16184604109}.Debug|x64.Build.0 = Debug|x64
		{5AD048B0-1275-466C-AD07-C16184604109}.Debug|x86.ActiveCfg = Debug|Win32
		{5AD048B0-1275-466C-AD07-C16184604109}.Debug|x86.Build.0 = Debug|Win32
		{5AD048B0-1275-466C-AD07-C16184604109}.Release|x64.ActiveCfg = Release|x64
		{5AD048B0-1275-466C-AD07-C16184604109}.Release|x64.Build.0 = Release|x64
		{5AD048B0-1275-466C-AD07-C16184604109}.Release|x86.ActiveCfg = Release|Win32
		{5AD048B0-1275-466C-AD07-C16184604109}.Release|x86.Build.0 = Release|Win32
	EndGlobalSection
	GlobalSection(SolutionProperties) = preSolution
		HideSolutionNode = FALSE
	EndGlobalSection
	GlobalSection(ExtensibilityGlobals) = postSolution
		SolutionGuid = {006F4F59-3A8F-4D70-A878-EE6C8203EA44}
	EndGlobalSection
EndGlobal
