
Microsoft Visual Studio Solution File, Format Version 12.00
# Visual Studio Version 17
VisualStudioVersion = 17.2.32505.173
MinimumVisualStudioVersion = 10.0.40219.1
Project("{8BC9CEB8-8B4A-11D0-8D11-00A0C91BC942}") = "max_sliding_window", "max_sliding_window\max_sliding_window.vcxproj", "{8833DD84-4F67-4E83-B525-B3135984C405}"
EndProject
Global
	GlobalSection(SolutionConfigurationPlatforms) = preSolution
		Debug|x64 = Debug|x64
		Debug|x86 = Debug|x86
		Release|x64 = Release|x64
		Release|x86 = Release|x86
	EndGlobalSection
	GlobalSection(ProjectConfigurationPlatforms) = postSolution
		{8833DD84-4F67-4E83-B525-B3135984C405}.Debug|x64.ActiveCfg = Debug|x64
		{8833DD84-4F67-4E83-B525-B3135984C405}.Debug|x64.Build.0 = Debug|x64
		{8833DD84-4F67-4E83-B525-B3135984C405}.Debug|x86.ActiveCfg = Debug|Win32
		{8833DD84-4F67-4E83-B525-B3135984C405}.Debug|x86.Build.0 = Debug|Win32
		{8833DD84-4F67-4E83-B525-B3135984C405}.Release|x64.ActiveCfg = Release|x64
		{8833DD84-4F67-4E83-B525-B3135984C405}.Release|x64.Build.0 = Release|x64
		{8833DD84-4F67-4E83-B525-B3135984C405}.Release|x86.ActiveCfg = Release|Win32
		{8833DD84-4F67-4E83-B525-B3135984C405}.Release|x86.Build.0 = Release|Win32
	EndGlobalSection
	GlobalSection(SolutionProperties) = preSolution
		HideSolutionNode = FALSE
	EndGlobalSection
	GlobalSection(ExtensibilityGlobals) = postSolution
		SolutionGuid = {9B8A50C9-8081-4882-B271-709EE15B248F}
	EndGlobalSection
EndGlobal
