
Microsoft Visual Studio Solution File, Format Version 12.00
# Visual Studio Version 17
VisualStudioVersion = 17.2.32505.173
MinimumVisualStudioVersion = 10.0.40219.1
Project("{8BC9CEB8-8B4A-11D0-8D11-00A0C91BC942}") = "substring_equality", "substring_equality\substring_equality.vcxproj", "{DFC82DD4-8941-4808-A0C4-C325B5B05BC3}"
EndProject
Global
	GlobalSection(SolutionConfigurationPlatforms) = preSolution
		Debug|x64 = Debug|x64
		Debug|x86 = Debug|x86
		Release|x64 = Release|x64
		Release|x86 = Release|x86
	EndGlobalSection
	GlobalSection(ProjectConfigurationPlatforms) = postSolution
		{DFC82DD4-8941-4808-A0C4-C325B5B05BC3}.Debug|x64.ActiveCfg = Debug|x64
		{DFC82DD4-8941-4808-A0C4-C325B5B05BC3}.Debug|x64.Build.0 = Debug|x64
		{DFC82DD4-8941-4808-A0C4-C325B5B05BC3}.Debug|x86.ActiveCfg = Debug|Win32
		{DFC82DD4-8941-4808-A0C4-C325B5B05BC3}.Debug|x86.Build.0 = Debug|Win32
		{DFC82DD4-8941-4808-A0C4-C325B5B05BC3}.Release|x64.ActiveCfg = Release|x64
		{DFC82DD4-8941-4808-A0C4-C325B5B05BC3}.Release|x64.Build.0 = Release|x64
		{DFC82DD4-8941-4808-A0C4-C325B5B05BC3}.Release|x86.ActiveCfg = Release|Win32
		{DFC82DD4-8941-4808-A0C4-C325B5B05BC3}.Release|x86.Build.0 = Release|Win32
	EndGlobalSection
	GlobalSection(SolutionProperties) = preSolution
		HideSolutionNode = FALSE
	EndGlobalSection
	GlobalSection(ExtensibilityGlobals) = postSolution
		SolutionGuid = {B621E035-CBF0-457D-9B61-DDCA17F056A7}
	EndGlobalSection
EndGlobal
