
Microsoft Visual Studio Solution File, Format Version 12.00
# Visual Studio Version 17
VisualStudioVersion = 17.3.32929.385
MinimumVisualStudioVersion = 10.0.40219.1
Project("{8BC9CEB8-8B4A-11D0-8D11-00A0C91BC942}") = "W10", "W10\W10.vcxproj", "{33F93F72-56F8-4B26-827D-D03B9E4C284C}"
EndProject
Global
	GlobalSection(SolutionConfigurationPlatforms) = preSolution
		Debug|x64 = Debug|x64
		Debug|x86 = Debug|x86
		Release|x64 = Release|x64
		Release|x86 = Release|x86
	EndGlobalSection
	GlobalSection(ProjectConfigurationPlatforms) = postSolution
		{33F93F72-56F8-4B26-827D-D03B9E4C284C}.Debug|x64.ActiveCfg = Debug|x64
		{33F93F72-56F8-4B26-827D-D03B9E4C284C}.Debug|x64.Build.0 = Debug|x64
		{33F93F72-56F8-4B26-827D-D03B9E4C284C}.Debug|x86.ActiveCfg = Debug|Win32
		{33F93F72-56F8-4B26-827D-D03B9E4C284C}.Debug|x86.Build.0 = Debug|Win32
		{33F93F72-56F8-4B26-827D-D03B9E4C284C}.Release|x64.ActiveCfg = Release|x64
		{33F93F72-56F8-4B26-827D-D03B9E4C284C}.Release|x64.Build.0 = Release|x64
		{33F93F72-56F8-4B26-827D-D03B9E4C284C}.Release|x86.ActiveCfg = Release|Win32
		{33F93F72-56F8-4B26-827D-D03B9E4C284C}.Release|x86.Build.0 = Release|Win32
	EndGlobalSection
	GlobalSection(SolutionProperties) = preSolution
		HideSolutionNode = FALSE
	EndGlobalSection
	GlobalSection(ExtensibilityGlobals) = postSolution
		SolutionGuid = {66964871-5380-4926-BB8A-1B4B271AC437}
	EndGlobalSection
EndGlobal
