
Microsoft Visual Studio Solution File, Format Version 12.00
# Visual Studio Version 17
VisualStudioVersion = 17.2.32505.173
MinimumVisualStudioVersion = 10.0.40219.1
Project("{8BC9CEB8-8B4A-11D0-8D11-00A0C91BC942}") = "connected_components", "connected_components\connected_components.vcxproj", "{CAD9F9D4-C9D9-43D0-A3FF-A2B9377D9D18}"
EndProject
Global
	GlobalSection(SolutionConfigurationPlatforms) = preSolution
		Debug|x64 = Debug|x64
		Debug|x86 = Debug|x86
		Release|x64 = Release|x64
		Release|x86 = Release|x86
	EndGlobalSection
	GlobalSection(ProjectConfigurationPlatforms) = postSolution
		{CAD9F9D4-C9D9-43D0-A3FF-A2B9377D9D18}.Debug|x64.ActiveCfg = Debug|x64
		{CAD9F9D4-C9D9-43D0-A3FF-A2B9377D9D18}.Debug|x64.Build.0 = Debug|x64
		{CAD9F9D4-C9D9-43D0-A3FF-A2B9377D9D18}.Debug|x86.ActiveCfg = Debug|Win32
		{CAD9F9D4-C9D9-43D0-A3FF-A2B9377D9D18}.Debug|x86.Build.0 = Debug|Win32
		{CAD9F9D4-C9D9-43D0-A3FF-A2B9377D9D18}.Release|x64.ActiveCfg = Release|x64
		{CAD9F9D4-C9D9-43D0-A3FF-A2B9377D9D18}.Release|x64.Build.0 = Release|x64
		{CAD9F9D4-C9D9-43D0-A3FF-A2B9377D9D18}.Release|x86.ActiveCfg = Release|Win32
		{CAD9F9D4-C9D9-43D0-A3FF-A2B9377D9D18}.Release|x86.Build.0 = Release|Win32
	EndGlobalSection
	GlobalSection(SolutionProperties) = preSolution
		HideSolutionNode = FALSE
	EndGlobalSection
	GlobalSection(ExtensibilityGlobals) = postSolution
		SolutionGuid = {B2CC1F4C-A5BE-4FA0-B555-B206F80997AE}
	EndGlobalSection
EndGlobal
