
Microsoft Visual Studio Solution File, Format Version 12.00
# Visual Studio Version 17
VisualStudioVersion = 17.3.32929.385
MinimumVisualStudioVersion = 10.0.40219.1
Project("{8BC9CEB8-8B4A-11D0-8D11-00A0C91BC942}") = "DeveloperManagement", "Review_Midterm\Review_Midterm.vcxproj", "{1113DF6E-69B7-4E97-A294-92479F9E0BC7}"
EndProject
Project("{8BC9CEB8-8B4A-11D0-8D11-00A0C91BC942}") = "LibraryManagement", "LibraryManagement\LibraryManagement.vcxproj", "{ED97113C-A036-4382-8E63-BABC62448254}"
EndProject
Project("{8BC9CEB8-8B4A-11D0-8D11-00A0C91BC942}") = "VehicleManagement", "VehicleManagement\VehicleManagement.vcxproj", "{88FE9DF5-EE01-4826-897A-4E7587412189}"
EndProject
Project("{8BC9CEB8-8B4A-11D0-8D11-00A0C91BC942}") = "EmployeeManagement", "EmployeeManagement\EmployeeManagement.vcxproj", "{DF63D45B-3D15-48E7-9CB7-EC994E42ADC5}"
EndProject
Project("{8BC9CEB8-8B4A-11D0-8D11-00A0C91BC942}") = "PhanSo", "PhanSo\PhanSo.vcxproj", "{1D201652-6052-434E-A162-F3B08D4B60EB}"
EndProject
Project("{8BC9CEB8-8B4A-11D0-8D11-00A0C91BC942}") = "ClassManagement", "ClassManagement\ClassManagement.vcxproj", "{162807B0-D256-4241-ACFB-3DEF479FF443}"
EndProject
Project("{8BC9CEB8-8B4A-11D0-8D11-00A0C91BC942}") = "De21_3", "De21_3\De21_3.vcxproj", "{96413224-60D1-412E-BEB3-8B1794E01D6C}"
EndProject
Project("{8BC9CEB8-8B4A-11D0-8D11-00A0C91BC942}") = "De21_5", "De21_5\De21_5.vcxproj", "{15E55930-4172-4965-9405-9AD4A0B02BF7}"
EndProject
Project("{8BC9CEB8-8B4A-11D0-8D11-00A0C91BC942}") = "De21_3_N2", "De21_3_N2\De21_3_N2.vcxproj", "{3E452694-500E-457C-BC1E-B789EEE7B98C}"
EndProject
Project("{8BC9CEB8-8B4A-11D0-8D11-00A0C91BC942}") = "20CTT4_N3", "20CTT4_N3\20CTT4_N3.vcxproj", "{8E9C39A0-8236-4CD3-B417-AF1721ACE887}"
EndProject
Project("{8BC9CEB8-8B4A-11D0-8D11-00A0C91BC942}") = "ConsoleApplication1", "ConsoleApplication1\ConsoleApplication1.vcxproj", "{1F400D88-C28B-4854-A122-EB6D6306F45B}"
EndProject
Project("{8BC9CEB8-8B4A-11D0-8D11-00A0C91BC942}") = "De21_5_N1", "De21_5_N1\De21_5_N1.vcxproj", "{4408B86B-6397-4DA0-8FBE-40452CEB02EC}"
EndProject
Project("{8BC9CEB8-8B4A-11D0-8D11-00A0C91BC942}") = "QL_DiaCD", "QL_DiaCD\QL_DiaCD.vcxproj", "{E73E2FAE-863F-4F36-9815-F35E3E40D8E2}"
EndProject
Project("{8BC9CEB8-8B4A-11D0-8D11-00A0C91BC942}") = "BankAccount", "BankAccount\BankAccount.vcxproj", "{0EA10B75-8E42-4859-8F63-062540BC0CD9}"
EndProject
Project("{8BC9CEB8-8B4A-11D0-8D11-00A0C91BC942}") = "Vehicle", "Vehicle\Vehicle.vcxproj", "{D49E90EA-E819-4FE2-8A1F-9391046742E6}"
EndProject
Project("{8BC9CEB8-8B4A-11D0-8D11-00A0C91BC942}") = "QLChuyenXe", "QLChuyenXe\QLChuyenXe.vcxproj", "{5537C7E9-27B7-47CA-93D8-7EA37B4CD924}"
EndProject
Project("{8BC9CEB8-8B4A-11D0-8D11-00A0C91BC942}") = "QLKhachSan", "QLKhachSan\QLKhachSan.vcxproj", "{64FF1DAC-7FD6-4FA2-BBDB-5CCF67E30343}"
EndProject
Global
	GlobalSection(SolutionConfigurationPlatforms) = preSolution
		Debug|x64 = Debug|x64
		Debug|x86 = Debug|x86
		Release|x64 = Release|x64
		Release|x86 = Release|x86
	EndGlobalSection
	GlobalSection(ProjectConfigurationPlatforms) = postSolution
		{1113DF6E-69B7-4E97-A294-92479F9E0BC7}.Debug|x64.ActiveCfg = Debug|x64
		{1113DF6E-69B7-4E97-A294-92479F9E0BC7}.Debug|x64.Build.0 = Debug|x64
		{1113DF6E-69B7-4E97-A294-92479F9E0BC7}.Debug|x86.ActiveCfg = Debug|Win32
		{1113DF6E-69B7-4E97-A294-92479F9E0BC7}.Debug|x86.Build.0 = Debug|Win32
		{1113DF6E-69B7-4E97-A294-92479F9E0BC7}.Release|x64.ActiveCfg = Release|x64
		{1113DF6E-69B7-4E97-A294-92479F9E0BC7}.Release|x64.Build.0 = Release|x64
		{1113DF6E-69B7-4E97-A294-92479F9E0BC7}.Release|x86.ActiveCfg = Release|Win32
		{1113DF6E-69B7-4E97-A294-92479F9E0BC7}.Release|x86.Build.0 = Release|Win32
		{ED97113C-A036-4382-8E63-BABC62448254}.Debug|x64.ActiveCfg = Debug|x64
		{ED97113C-A036-4382-8E63-BABC62448254}.Debug|x64.Build.0 = Debug|x64
		{ED97113C-A036-4382-8E63-BABC62448254}.Debug|x86.ActiveCfg = Debug|Win32
		{ED97113C-A036-4382-8E63-BABC62448254}.Debug|x86.Build.0 = Debug|Win32
		{ED97113C-A036-4382-8E63-BABC62448254}.Release|x64.ActiveCfg = Release|x64
		{ED97113C-A036-4382-8E63-BABC62448254}.Release|x64.Build.0 = Release|x64
		{ED97113C-A036-4382-8E63-BABC62448254}.Release|x86.ActiveCfg = Release|Win32
		{ED97113C-A036-4382-8E63-BABC62448254}.Release|x86.Build.0 = Release|Win32
		{88FE9DF5-EE01-4826-897A-4E7587412189}.Debug|x64.ActiveCfg = Debug|x64
		{88FE9DF5-EE01-4826-897A-4E7587412189}.Debug|x64.Build.0 = Debug|x64
		{88FE9DF5-EE01-4826-897A-4E7587412189}.Debug|x86.ActiveCfg = Debug|Win32
		{88FE9DF5-EE01-4826-897A-4E7587412189}.Debug|x86.Build.0 = Debug|Win32
		{88FE9DF5-EE01-4826-897A-4E7587412189}.Release|x64.ActiveCfg = Release|x64
		{88FE9DF5-EE01-4826-897A-4E7587412189}.Release|x64.Build.0 = Release|x64
		{88FE9DF5-EE01-4826-897A-4E7587412189}.Release|x86.ActiveCfg = Release|Win32
		{88FE9DF5-EE01-4826-897A-4E7587412189}.Release|x86.Build.0 = Release|Win32
		{DF63D45B-3D15-48E7-9CB7-EC994E42ADC5}.Debug|x64.ActiveCfg = Debug|x64
		{DF63D45B-3D15-48E7-9CB7-EC994E42ADC5}.Debug|x64.Build.0 = Debug|x64
		{DF63D45B-3D15-48E7-9CB7-EC994E42ADC5}.Debug|x86.ActiveCfg = Debug|Win32
		{DF63D45B-3D15-48E7-9CB7-EC994E42ADC5}.Debug|x86.Build.0 = Debug|Win32
		{DF63D45B-3D15-48E7-9CB7-EC994E42ADC5}.Release|x64.ActiveCfg = Release|x64
		{DF63D45B-3D15-48E7-9CB7-EC994E42ADC5}.Release|x64.Build.0 = Release|x64
		{DF63D45B-3D15-48E7-9CB7-EC994E42ADC5}.Release|x86.ActiveCfg = Release|Win32
		{DF63D45B-3D15-48E7-9CB7-EC994E42ADC5}.Release|x86.Build.0 = Release|Win32
		{1D201652-6052-434E-A162-F3B08D4B60EB}.Debug|x64.ActiveCfg = Debug|x64
		{1D201652-6052-434E-A162-F3B08D4B60EB}.Debug|x64.Build.0 = Debug|x64
		{1D201652-6052-434E-A162-F3B08D4B60EB}.Debug|x86.ActiveCfg = Debug|Win32
		{1D201652-6052-434E-A162-F3B08D4B60EB}.Debug|x86.Build.0 = Debug|Win32
		{1D201652-6052-434E-A162-F3B08D4B60EB}.Release|x64.ActiveCfg = Release|x64
		{1D201652-6052-434E-A162-F3B08D4B60EB}.Release|x64.Build.0 = Release|x64
		{1D201652-6052-434E-A162-F3B08D4B60EB}.Release|x86.ActiveCfg = Release|Win32
		{1D201652-6052-434E-A162-F3B08D4B60EB}.Release|x86.Build.0 = Release|Win32
		{162807B0-D256-4241-ACFB-3DEF479FF443}.Debug|x64.ActiveCfg = Debug|x64
		{162807B0-D256-4241-ACFB-3DEF479FF443}.Debug|x64.Build.0 = Debug|x64
		{162807B0-D256-4241-ACFB-3DEF479FF443}.Debug|x86.ActiveCfg = Debug|Win32
		{162807B0-D256-4241-ACFB-3DEF479FF443}.Debug|x86.Build.0 = Debug|Win32
		{162807B0-D256-4241-ACFB-3DEF479FF443}.Release|x64.ActiveCfg = Release|x64
		{162807B0-D256-4241-ACFB-3DEF479FF443}.Release|x64.Build.0 = Release|x64
		{162807B0-D256-4241-ACFB-3DEF479FF443}.Release|x86.ActiveCfg = Release|Win32
		{162807B0-D256-4241-ACFB-3DEF479FF443}.Release|x86.Build.0 = Release|Win32
		{96413224-60D1-412E-BEB3-8B1794E01D6C}.Debug|x64.ActiveCfg = Debug|x64
		{96413224-60D1-412E-BEB3-8B1794E01D6C}.Debug|x64.Build.0 = Debug|x64
		{96413224-60D1-412E-BEB3-8B1794E01D6C}.Debug|x86.ActiveCfg = Debug|Win32
		{96413224-60D1-412E-BEB3-8B1794E01D6C}.Debug|x86.Build.0 = Debug|Win32
		{96413224-60D1-412E-BEB3-8B1794E01D6C}.Release|x64.ActiveCfg = Release|x64
		{96413224-60D1-412E-BEB3-8B1794E01D6C}.Release|x64.Build.0 = Release|x64
		{96413224-60D1-412E-BEB3-8B1794E01D6C}.Release|x86.ActiveCfg = Release|Win32
		{96413224-60D1-412E-BEB3-8B1794E01D6C}.Release|x86.Build.0 = Release|Win32
		{15E55930-4172-4965-9405-9AD4A0B02BF7}.Debug|x64.ActiveCfg = Debug|x64
		{15E55930-4172-4965-9405-9AD4A0B02BF7}.Debug|x64.Build.0 = Debug|x64
		{15E55930-4172-4965-9405-9AD4A0B02BF7}.Debug|x86.ActiveCfg = Debug|Win32
		{15E55930-4172-4965-9405-9AD4A0B02BF7}.Debug|x86.Build.0 = Debug|Win32
		{15E55930-4172-4965-9405-9AD4A0B02BF7}.Release|x64.ActiveCfg = Release|x64
		{15E55930-4172-4965-9405-9AD4A0B02BF7}.Release|x64.Build.0 = Release|x64
		{15E55930-4172-4965-9405-9AD4A0B02BF7}.Release|x86.ActiveCfg = Release|Win32
		{15E55930-4172-4965-9405-9AD4A0B02BF7}.Release|x86.Build.0 = Release|Win32
		{3E452694-500E-457C-BC1E-B789EEE7B98C}.Debug|x64.ActiveCfg = Debug|x64
		{3E452694-500E-457C-BC1E-B789EEE7B98C}.Debug|x64.Build.0 = Debug|x64
		{3E452694-500E-457C-BC1E-B789EEE7B98C}.Debug|x86.ActiveCfg = Debug|Win32
		{3E452694-500E-457C-BC1E-B789EEE7B98C}.Debug|x86.Build.0 = Debug|Win32
		{3E452694-500E-457C-BC1E-B789EEE7B98C}.Release|x64.ActiveCfg = Release|x64
		{3E452694-500E-457C-BC1E-B789EEE7B98C}.Release|x64.Build.0 = Release|x64
		{3E452694-500E-457C-BC1E-B789EEE7B98C}.Release|x86.ActiveCfg = Release|Win32
		{3E452694-500E-457C-BC1E-B789EEE7B98C}.Release|x86.Build.0 = Release|Win32
		{8E9C39A0-8236-4CD3-B417-AF1721ACE887}.Debug|x64.ActiveCfg = Debug|x64
		{8E9C39A0-8236-4CD3-B417-AF1721ACE887}.Debug|x64.Build.0 = Debug|x64
		{8E9C39A0-8236-4CD3-B417-AF1721ACE887}.Debug|x86.ActiveCfg = Debug|Win32
		{8E9C39A0-8236-4CD3-B417-AF1721ACE887}.Debug|x86.Build.0 = Debug|Win32
		{8E9C39A0-8236-4CD3-B417-AF1721ACE887}.Release|x64.ActiveCfg = Release|x64
		{8E9C39A0-8236-4CD3-B417-AF1721ACE887}.Release|x64.Build.0 = Release|x64
		{8E9C39A0-8236-4CD3-B417-AF1721ACE887}.Release|x86.ActiveCfg = Release|Win32
		{8E9C39A0-8236-4CD3-B417-AF1721ACE887}.Release|x86.Build.0 = Release|Win32
		{1F400D88-C28B-4854-A122-EB6D6306F45B}.Debug|x64.ActiveCfg = Debug|x64
		{1F400D88-C28B-4854-A122-EB6D6306F45B}.Debug|x64.Build.0 = Debug|x64
		{1F400D88-C28B-4854-A122-EB6D6306F45B}.Debug|x86.ActiveCfg = Debug|Win32
		{1F400D88-C28B-4854-A122-EB6D6306F45B}.Debug|x86.Build.0 = Debug|Win32
		{1F400D88-C28B-4854-A122-EB6D6306F45B}.Release|x64.ActiveCfg = Release|x64
		{1F400D88-C28B-4854-A122-EB6D6306F45B}.Release|x64.Build.0 = Release|x64
		{1F400D88-C28B-4854-A122-EB6D6306F45B}.Release|x86.ActiveCfg = Release|Win32
		{1F400D88-C28B-4854-A122-EB6D6306F45B}.Release|x86.Build.0 = Release|Win32
		{4408B86B-6397-4DA0-8FBE-40452CEB02EC}.Debug|x64.ActiveCfg = Debug|x64
		{4408B86B-6397-4DA0-8FBE-40452CEB02EC}.Debug|x64.Build.0 = Debug|x64
		{4408B86B-6397-4DA0-8FBE-40452CEB02EC}.Debug|x86.ActiveCfg = Debug|Win32
		{4408B86B-6397-4DA0-8FBE-40452CEB02EC}.Debug|x86.Build.0 = Debug|Win32
		{4408B86B-6397-4DA0-8FBE-40452CEB02EC}.Release|x64.ActiveCfg = Release|x64
		{4408B86B-6397-4DA0-8FBE-40452CEB02EC}.Release|x64.Build.0 = Release|x64
		{4408B86B-6397-4DA0-8FBE-40452CEB02EC}.Release|x86.ActiveCfg = Release|Win32
		{4408B86B-6397-4DA0-8FBE-40452CEB02EC}.Release|x86.Build.0 = Release|Win32
		{E73E2FAE-863F-4F36-9815-F35E3E40D8E2}.Debug|x64.ActiveCfg = Debug|x64
		{E73E2FAE-863F-4F36-9815-F35E3E40D8E2}.Debug|x64.Build.0 = Debug|x64
		{E73E2FAE-863F-4F36-9815-F35E3E40D8E2}.Debug|x86.ActiveCfg = Debug|Win32
		{E73E2FAE-863F-4F36-9815-F35E3E40D8E2}.Debug|x86.Build.0 = Debug|Win32
		{E73E2FAE-863F-4F36-9815-F35E3E40D8E2}.Release|x64.ActiveCfg = Release|x64
		{E73E2FAE-863F-4F36-9815-F35E3E40D8E2}.Release|x64.Build.0 = Release|x64
		{E73E2FAE-863F-4F36-9815-F35E3E40D8E2}.Release|x86.ActiveCfg = Release|Win32
		{E73E2FAE-863F-4F36-9815-F35E3E40D8E2}.Release|x86.Build.0 = Release|Win32
		{0EA10B75-8E42-4859-8F63-062540BC0CD9}.Debug|x64.ActiveCfg = Debug|x64
		{0EA10B75-8E42-4859-8F63-062540BC0CD9}.Debug|x64.Build.0 = Debug|x64
		{0EA10B75-8E42-4859-8F63-062540BC0CD9}.Debug|x86.ActiveCfg = Debug|Win32
		{0EA10B75-8E42-4859-8F63-062540BC0CD9}.Debug|x86.Build.0 = Debug|Win32
		{0EA10B75-8E42-4859-8F63-062540BC0CD9}.Release|x64.ActiveCfg = Release|x64
		{0EA10B75-8E42-4859-8F63-062540BC0CD9}.Release|x64.Build.0 = Release|x64
		{0EA10B75-8E42-4859-8F63-062540BC0CD9}.Release|x86.ActiveCfg = Release|Win32
		{0EA10B75-8E42-4859-8F63-062540BC0CD9}.Release|x86.Build.0 = Release|Win32
		{D49E90EA-E819-4FE2-8A1F-9391046742E6}.Debug|x64.ActiveCfg = Debug|x64
		{D49E90EA-E819-4FE2-8A1F-9391046742E6}.Debug|x64.Build.0 = Debug|x64
		{D49E90EA-E819-4FE2-8A1F-9391046742E6}.Debug|x86.ActiveCfg = Debug|Win32
		{D49E90EA-E819-4FE2-8A1F-9391046742E6}.Debug|x86.Build.0 = Debug|Win32
		{D49E90EA-E819-4FE2-8A1F-9391046742E6}.Release|x64.ActiveCfg = Release|x64
		{D49E90EA-E819-4FE2-8A1F-9391046742E6}.Release|x64.Build.0 = Release|x64
		{D49E90EA-E819-4FE2-8A1F-9391046742E6}.Release|x86.ActiveCfg = Release|Win32
		{D49E90EA-E819-4FE2-8A1F-9391046742E6}.Release|x86.Build.0 = Release|Win32
		{5537C7E9-27B7-47CA-93D8-7EA37B4CD924}.Debug|x64.ActiveCfg = Debug|x64
		{5537C7E9-27B7-47CA-93D8-7EA37B4CD924}.Debug|x64.Build.0 = Debug|x64
		{5537C7E9-27B7-47CA-93D8-7EA37B4CD924}.Debug|x86.ActiveCfg = Debug|Win32
		{5537C7E9-27B7-47CA-93D8-7EA37B4CD924}.Debug|x86.Build.0 = Debug|Win32
		{5537C7E9-27B7-47CA-93D8-7EA37B4CD924}.Release|x64.ActiveCfg = Release|x64
		{5537C7E9-27B7-47CA-93D8-7EA37B4CD924}.Release|x64.Build.0 = Release|x64
		{5537C7E9-27B7-47CA-93D8-7EA37B4CD924}.Release|x86.ActiveCfg = Release|Win32
		{5537C7E9-27B7-47CA-93D8-7EA37B4CD924}.Release|x86.Build.0 = Release|Win32
		{64FF1DAC-7FD6-4FA2-BBDB-5CCF67E30343}.Debug|x64.ActiveCfg = Debug|x64
		{64FF1DAC-7FD6-4FA2-BBDB-5CCF67E30343}.Debug|x64.Build.0 = Debug|x64
		{64FF1DAC-7FD6-4FA2-BBDB-5CCF67E30343}.Debug|x86.ActiveCfg = Debug|Win32
		{64FF1DAC-7FD6-4FA2-BBDB-5CCF67E30343}.Debug|x86.Build.0 = Debug|Win32
		{64FF1DAC-7FD6-4FA2-BBDB-5CCF67E30343}.Release|x64.ActiveCfg = Release|x64
		{64FF1DAC-7FD6-4FA2-BBDB-5CCF67E30343}.Release|x64.Build.0 = Release|x64
		{64FF1DAC-7FD6-4FA2-BBDB-5CCF67E30343}.Release|x86.ActiveCfg = Release|Win32
		{64FF1DAC-7FD6-4FA2-BBDB-5CCF67E30343}.Release|x86.Build.0 = Release|Win32
	EndGlobalSection
	GlobalSection(SolutionProperties) = preSolution
		HideSolutionNode = FALSE
	EndGlobalSection
	GlobalSection(ExtensibilityGlobals) = postSolution
		SolutionGuid = {C4DC976B-A295-46CA-93CC-8F5792026511}
	EndGlobalSection
EndGlobal
